# Pinned externals for benchmarks/servers (docs/server-benchmarks-design.md §2,
# bucket B). fetch.sh builds them into ~/.cache/rae/servers; nothing here is
# copied into the repository. One per line: name, kind, source, pin, licence.
#
# name   kind   source                                  pin                                       licence
oha      crate  https://crates.io/crates/oha            1.16.0                                    MIT
wrk      git    https://github.com/wg/wrk               a211dd5a7050b1f9e8a9870b95513060e72ac4a0  Apache-2.0
